// !$*UTF8*$!
{
	archiveVersion = 1;
	classes = {
	};
	objectVersion = 46;
	objects = {

/* Begin PBXBuildFile section */
		63EC63F0193D8B0300EBEBD6 /* Cocoa.framework in Frameworks */ = {isa = PBXBuildFile; fileRef = 63EC63EF193D8B0300EBEBD6 /* Cocoa.framework */; };
		63EC63F2193D8B0300EBEBD6 /* SpriteKit.framework in Frameworks */ = {isa = PBXBuildFile; fileRef = 63EC63F1193D8B0300EBEBD6 /* SpriteKit.framework */; };
		63EC63FC193D8B0300EBEBD6 /* InfoPlist.strings in Resources */ = {isa = PBXBuildFile; fileRef = 63EC63FA193D8B0300EBEBD6 /* InfoPlist.strings */; };
		63EC63FE193D8B0300EBEBD6 /* main.m in Sources */ = {isa = PBXBuildFile; fileRef = 63EC63FD193D8B0300EBEBD6 /* main.m */; };
		63EC6402193D8B0300EBEBD6 /* Credits.rtf in Resources */ = {isa = PBXBuildFile; fileRef = 63EC6400193D8B0300EBEBD6 /* Credits.rtf */; };
		63EC6404193D8B0300EBEBD6 /* MainMenu.xib in Resources */ = {isa = PBXBuildFile; fileRef = 63EC6403193D8B0300EBEBD6 /* MainMenu.xib */; };
		63EC6406193D8B0300EBEBD6 /* MyScene.m in Sources */ = {isa = PBXBuildFile; fileRef = 63EC6405193D8B0300EBEBD6 /* MyScene.m */; };
		63EC6409193D8B0300EBEBD6 /* AppDelegate.m in Sources */ = {isa = PBXBuildFile; fileRef = 63EC6408193D8B0300EBEBD6 /* AppDelegate.m */; };
		63EC640C193D8B0300EBEBD6 /* Spaceship.png in Resources */ = {isa = PBXBuildFile; fileRef = 63EC640B193D8B0300EBEBD6 /* Spaceship.png */; };
		63EC640E193D8B0300EBEBD6 /* Images.xcassets in Resources */ = {isa = PBXBuildFile; fileRef = 63EC640D193D8B0300EBEBD6 /* Images.xcassets */; };
		63EC6415193D8B0300EBEBD6 /* XCTest.framework in Frameworks */ = {isa = PBXBuildFile; fileRef = 63EC6414193D8B0300EBEBD6 /* XCTest.framework */; };
		63EC6416193D8B0300EBEBD6 /* Cocoa.framework in Frameworks */ = {isa = PBXBuildFile; fileRef = 63EC63EF193D8B0300EBEBD6 /* Cocoa.framework */; };
		63EC641E193D8B0300EBEBD6 /* InfoPlist.strings in Resources */ = {isa = PBXBuildFile; fileRef = 63EC641C193D8B0300EBEBD6 /* InfoPlist.strings */; };
		63EC642B193D8B9E00EBEBD6 /* BuildScene.m in Sources */ = {isa = PBXBuildFile; fileRef = 63EC642A193D8B9E00EBEBD6 /* BuildScene.m */; };
		63EC642E193D8BAF00EBEBD6 /* PuzzleModel.m in Sources */ = {isa = PBXBuildFile; fileRef = 63EC642D193D8BAF00EBEBD6 /* PuzzleModel.m */; };
		63EC6431193D8BBD00EBEBD6 /* PlayScene.m in Sources */ = {isa = PBXBuildFile; fileRef = 63EC6430193D8BBD00EBEBD6 /* PlayScene.m */; };
		63EC6433193D9A9100EBEBD6 /* PuzzleModelTests.m in Sources */ = {isa = PBXBuildFile; fileRef = 63EC6432193D9A9100EBEBD6 /* PuzzleModelTests.m */; };
		63EC6434193D9AA800EBEBD6 /* PuzzleModel.m in Sources */ = {isa = PBXBuildFile; fileRef = 63EC642D193D8BAF00EBEBD6 /* PuzzleModel.m */; };
/* End PBXBuildFile section */

/* Begin PBXContainerItemProxy section */
		63EC6417193D8B0300EBEBD6 /* PBXContainerItemProxy */ = {
			isa = PBXContainerItemProxy;
			containerPortal = 63EC63E4193D8B0300EBEBD6 /* Project object */;
			proxyType = 1;
			remoteGlobalIDString = 63EC63EB193D8B0300EBEBD6;
			remoteInfo = Sliders;
		};
/* End PBXContainerItemProxy section */

/* Begin PBXFileReference section */
		63EC63EC193D8B0300EBEBD6 /* Sliders.app */ = {isa = PBXFileReference; explicitFileType = wrapper.application; includeInIndex = 0; path = Sliders.app; sourceTree = BUILT_PRODUCTS_DIR; };
		63EC63EF193D8B0300EBEBD6 /* Cocoa.framework */ = {isa = PBXFileReference; lastKnownFileType = wrapper.framework; name = Cocoa.framework; path = System/Library/Frameworks/Cocoa.framework; sourceTree = SDKROOT; };
		63EC63F1193D8B0300EBEBD6 /* SpriteKit.framework */ = {isa = PBXFileReference; lastKnownFileType = wrapper.framework; name = SpriteKit.framework; path = System/Library/Frameworks/SpriteKit.framework; sourceTree = SDKROOT; };
		63EC63F4193D8B0300EBEBD6 /* AppKit.framework */ = {isa = PBXFileReference; lastKnownFileType = wrapper.framework; name = AppKit.framework; path = System/Library/Frameworks/AppKit.framework; sourceTree = SDKROOT; };
		63EC63F5193D8B0300EBEBD6 /* CoreData.framework */ = {isa = PBXFileReference; lastKnownFileType = wrapper.framework; name = CoreData.framework; path = System/Library/Frameworks/CoreData.framework; sourceTree = SDKROOT; };
		63EC63F6193D8B0300EBEBD6 /* Foundation.framework */ = {isa = PBXFileReference; lastKnownFileType = wrapper.framework; name = Foundation.framework; path = System/Library/Frameworks/Foundation.framework; sourceTree = SDKROOT; };
		63EC63F9193D8B0300EBEBD6 /* Sliders-Info.plist */ = {isa = PBXFileReference; lastKnownFileType = text.plist.xml; path = "Sliders-Info.plist"; sourceTree = "<group>"; };
		63EC63FB193D8B0300EBEBD6 /* en */ = {isa = PBXFileReference; lastKnownFileType = text.plist.strings; name = en; path = en.lproj/InfoPlist.strings; sourceTree = "<group>"; };
		63EC63FD193D8B0300EBEBD6 /* main.m */ = {isa = PBXFileReference; lastKnownFileType = sourcecode.c.objc; path = main.m; sourceTree = "<group>"; };
		63EC63FF193D8B0300EBEBD6 /* Sliders-Prefix.pch */ = {isa = PBXFileReference; lastKnownFileType = sourcecode.c.h; path = "Sliders-Prefix.pch"; sourceTree = "<group>"; };
		63EC6401193D8B0300EBEBD6 /* en */ = {isa = PBXFileReference; lastKnownFileType = text.rtf; name = en; path = en.lproj/Credits.rtf; sourceTree = "<group>"; };
		63EC6403193D8B0300EBEBD6 /* MainMenu.xib */ = {isa = PBXFileReference; lastKnownFileType = file.xib; path = MainMenu.xib; sourceTree = "<group>"; };
		63EC6405193D8B0300EBEBD6 /* MyScene.m */ = {isa = PBXFileReference; lastKnownFileType = sourcecode.c.objc; path = MyScene.m; sourceTree = "<group>"; };
		63EC6407193D8B0300EBEBD6 /* MyScene.h */ = {isa = PBXFileReference; lastKnownFileType = sourcecode.c.h; path = MyScene.h; sourceTree = "<group>"; };
		63EC6408193D8B0300EBEBD6 /* AppDelegate.m */ = {isa = PBXFileReference; lastKnownFileType = sourcecode.c.objc; path = AppDelegate.m; sourceTree = "<group>"; };
		63EC640A193D8B0300EBEBD6 /* AppDelegate.h */ = {isa = PBXFileReference; lastKnownFileType = sourcecode.c.h; path = AppDelegate.h; sourceTree = "<group>"; };
		63EC640B193D8B0300EBEBD6 /* Spaceship.png */ = {isa = PBXFileReference; lastKnownFileType = image.png; path = Spaceship.png; sourceTree = "<group>"; };
		63EC640D193D8B0300EBEBD6 /* Images.xcassets */ = {isa = PBXFileReference; lastKnownFileType = folder.assetcatalog; path = Images.xcassets; sourceTree = "<group>"; };
		63EC6413193D8B0300EBEBD6 /* SlidersTests.xctest */ = {isa = PBXFileReference; explicitFileType = wrapper.cfbundle; includeInIndex = 0; path = SlidersTests.xctest; sourceTree = BUILT_PRODUCTS_DIR; };
		63EC6414193D8B0300EBEBD6 /* XCTest.framework */ = {isa = PBXFileReference; lastKnownFileType = wrapper.framework; name = XCTest.framework; path = Library/Frameworks/XCTest.framework; sourceTree = DEVELOPER_DIR; };
		63EC641B193D8B0300EBEBD6 /* SlidersTests-Info.plist */ = {isa = PBXFileReference; lastKnownFileType = text.plist.xml; path = "SlidersTests-Info.plist"; sourceTree = "<group>"; };
		63EC641D193D8B0300EBEBD6 /* en */ = {isa = PBXFileReference; lastKnownFileType = text.plist.strings; name = en; path = en.lproj/InfoPlist.strings; sourceTree = "<group>"; };
		63EC6429193D8B9E00EBEBD6 /* BuildScene.h */ = {isa = PBXFileReference; fileEncoding = 4; lastKnownFileType = sourcecode.c.h; path = BuildScene.h; sourceTree = "<group>"; };
		63EC642A193D8B9E00EBEBD6 /* BuildScene.m */ = {isa = PBXFileReference; fileEncoding = 4; lastKnownFileType = sourcecode.c.objc; path = BuildScene.m; sourceTree = "<group>"; };
		63EC642C193D8BAF00EBEBD6 /* PuzzleModel.h */ = {isa = PBXFileReference; fileEncoding = 4; lastKnownFileType = sourcecode.c.h; path = PuzzleModel.h; sourceTree = "<group>"; };
		63EC642D193D8BAF00EBEBD6 /* PuzzleModel.m */ = {isa = PBXFileReference; fileEncoding = 4; lastKnownFileType = sourcecode.c.objc; path = PuzzleModel.m; sourceTree = "<group>"; };
		63EC642F193D8BBD00EBEBD6 /* PlayScene.h */ = {isa = PBXFileReference; fileEncoding = 4; lastKnownFileType = sourcecode.c.h; path = PlayScene.h; sourceTree = "<group>"; };
		63EC6430193D8BBD00EBEBD6 /* PlayScene.m */ = {isa = PBXFileReference; fileEncoding = 4; lastKnownFileType = sourcecode.c.objc; path = PlayScene.m; sourceTree = "<group>"; };
		63EC6432193D9A9100EBEBD6 /* PuzzleModelTests.m */ = {isa = PBXFileReference; fileEncoding = 4; lastKnownFileType = sourcecode.c.objc; path = PuzzleModelTests.m; sourceTree = "<group>"; };
/* End PBXFileReference section */

/* Begin PBXFrameworksBuildPhase section */
		63EC63E9193D8B0300EBEBD6 /* Frameworks */ = {
			isa = PBXFrameworksBuildPhase;
			buildActionMask = 2147483647;
			files = (
				63EC63F2193D8B0300EBEBD6 /* SpriteKit.framework in Frameworks */,
				63EC63F0193D8B0300EBEBD6 /* Cocoa.framework in Frameworks */,
			);
			runOnlyForDeploymentPostprocessing = 0;
		};
		63EC6410193D8B0300EBEBD6 /* Frameworks */ = {
			isa = PBXFrameworksBuildPhase;
			buildActionMask = 2147483647;
			files = (
				63EC6416193D8B0300EBEBD6 /* Cocoa.framework in Frameworks */,
				63EC6415193D8B0300EBEBD6 /* XCTest.framework in Frameworks */,
			);
			runOnlyForDeploymentPostprocessing = 0;
		};
/* End PBXFrameworksBuildPhase section */

/* Begin PBXGroup section */
		63EC63E3193D8B0300EBEBD6 = {
			isa = PBXGroup;
			children = (
				63EC63F7193D8B0300EBEBD6 /* Sliders */,
				63EC6419193D8B0300EBEBD6 /* SlidersTests */,
				63EC63EE193D8B0300EBEBD6 /* Frameworks */,
				63EC63ED193D8B0300EBEBD6 /* Products */,
			);
			sourceTree = "<group>";
		};
		63EC63ED193D8B0300EBEBD6 /* Products */ = {
			isa = PBXGroup;
			children = (
				63EC63EC193D8B0300EBEBD6 /* Sliders.app */,
				63EC6413193D8B0300EBEBD6 /* SlidersTests.xctest */,
			);
			name = Products;
			sourceTree = "<group>";
		};
		63EC63EE193D8B0300EBEBD6 /* Frameworks */ = {
			isa = PBXGroup;
			children = (
				63EC63EF193D8B0300EBEBD6 /* Cocoa.framework */,
				63EC63F1193D8B0300EBEBD6 /* SpriteKit.framework */,
				63EC6414193D8B0300EBEBD6 /* XCTest.framework */,
				63EC63F3193D8B0300EBEBD6 /* Other Frameworks */,
			);
			name = Frameworks;
			sourceTree = "<group>";
		};
		63EC63F3193D8B0300EBEBD6 /* Other Frameworks */ = {
			isa = PBXGroup;
			children = (
				63EC63F4193D8B0300EBEBD6 /* AppKit.framework */,
				63EC63F5193D8B0300EBEBD6 /* CoreData.framework */,
				63EC63F6193D8B0300EBEBD6 /* Foundation.framework */,
			);
			name = "Other Frameworks";
			sourceTree = "<group>";
		};
		63EC63F7193D8B0300EBEBD6 /* Sliders */ = {
			isa = PBXGroup;
			children = (
				63EC6403193D8B0300EBEBD6 /* MainMenu.xib */,
				63EC6405193D8B0300EBEBD6 /* MyScene.m */,
				63EC6407193D8B0300EBEBD6 /* MyScene.h */,
				63EC6408193D8B0300EBEBD6 /* AppDelegate.m */,
				63EC640A193D8B0300EBEBD6 /* AppDelegate.h */,
				63EC640B193D8B0300EBEBD6 /* Spaceship.png */,
				63EC640D193D8B0300EBEBD6 /* Images.xcassets */,
				63EC63F8193D8B0300EBEBD6 /* Supporting Files */,
				63EC6429193D8B9E00EBEBD6 /* BuildScene.h */,
				63EC642A193D8B9E00EBEBD6 /* BuildScene.m */,
				63EC642C193D8BAF00EBEBD6 /* PuzzleModel.h */,
				63EC642D193D8BAF00EBEBD6 /* PuzzleModel.m */,
				63EC642F193D8BBD00EBEBD6 /* PlayScene.h */,
				63EC6430193D8BBD00EBEBD6 /* PlayScene.m */,
			);
			path = Sliders;
			sourceTree = "<group>";
		};
		63EC63F8193D8B0300EBEBD6 /* Supporting Files */ = {
			isa = PBXGroup;
			children = (
				63EC63F9193D8B0300EBEBD6 /* Sliders-Info.plist */,
				63EC63FA193D8B0300EBEBD6 /* InfoPlist.strings */,
				63EC63FD193D8B0300EBEBD6 /* main.m */,
				63EC63FF193D8B0300EBEBD6 /* Sliders-Prefix.pch */,
				63EC6400193D8B0300EBEBD6 /* Credits.rtf */,
			);
			name = "Supporting Files";
			sourceTree = "<group>";
		};
		63EC6419193D8B0300EBEBD6 /* SlidersTests */ = {
			isa = PBXGroup;
			children = (
				63EC641A193D8B0300EBEBD6 /* Supporting Files */,
				63EC6432193D9A9100EBEBD6 /* PuzzleModelTests.m */,
			);
			path = SlidersTests;
			sourceTree = "<group>";
		};
		63EC641A193D8B0300EBEBD6 /* Supporting Files */ = {
			isa = PBXGroup;
			children = (
				63EC641B193D8B0300EBEBD6 /* SlidersTests-Info.plist */,
				63EC641C193D8B0300EBEBD6 /* InfoPlist.strings */,
			);
			name = "Supporting Files";
			sourceTree = "<group>";
		};
/* End PBXGroup section */

/* Begin PBXNativeTarget section */
		63EC63EB193D8B0300EBEBD6 /* Sliders */ = {
			isa = PBXNativeTarget;
			buildConfigurationList = 63EC6423193D8B0300EBEBD6 /* Build configuration list for PBXNativeTarget "Sliders" */;
			buildPhases = (
				63EC63E8193D8B0300EBEBD6 /* Sources */,
				63EC63E9193D8B0300EBEBD6 /* Frameworks */,
				63EC63EA193D8B0300EBEBD6 /* Resources */,
			);
			buildRules = (
			);
			dependencies = (
			);
			name = Sliders;
			productName = Sliders;
			productReference = 63EC63EC193D8B0300EBEBD6 /* Sliders.app */;
			productType = "com.apple.product-type.application";
		};
		63EC6412193D8B0300EBEBD6 /* SlidersTests */ = {
			isa = PBXNativeTarget;
			buildConfigurationList = 63EC6426193D8B0300EBEBD6 /* Build configuration list for PBXNativeTarget "SlidersTests" */;
			buildPhases = (
				63EC640F193D8B0300EBEBD6 /* Sources */,
				63EC6410193D8B0300EBEBD6 /* Frameworks */,
				63EC6411193D8B0300EBEBD6 /* Resources */,
			);
			buildRules = (
			);
			dependencies = (
				63EC6418193D8B0300EBEBD6 /* PBXTargetDependency */,
			);
			name = SlidersTests;
			productName = SlidersTests;
			productReference = 63EC6413193D8B0300EBEBD6 /* SlidersTests.xctest */;
			productType = "com.apple.product-type.bundle.unit-test";
		};
/* End PBXNativeTarget section */

/* Begin PBXProject section */
		63EC63E4193D8B0300EBEBD6 /* Project object */ = {
			isa = PBXProject;
			attributes = {
				LastUpgradeCheck = 0510;
				ORGANIZATIONNAME = "Ronnie Midthun";
				TargetAttributes = {
					63EC6412193D8B0300EBEBD6 = {
						TestTargetID = 63EC63EB193D8B0300EBEBD6;
					};
				};
			};
			buildConfigurationList = 63EC63E7193D8B0300EBEBD6 /* Build configuration list for PBXProject "Sliders" */;
			compatibilityVersion = "Xcode 3.2";
			developmentRegion = English;
			hasScannedForEncodings = 0;
			knownRegions = (
				en,
			);
			mainGroup = 63EC63E3193D8B0300EBEBD6;
			productRefGroup = 63EC63ED193D8B0300EBEBD6 /* Products */;
			projectDirPath = "";
			projectRoot = "";
			targets = (
				63EC63EB193D8B0300EBEBD6 /* Sliders */,
				63EC6412193D8B0300EBEBD6 /* SlidersTests */,
			);
		};
/* End PBXProject section */

/* Begin PBXResourcesBuildPhase section */
		63EC63EA193D8B0300EBEBD6 /* Resources */ = {
			isa = PBXResourcesBuildPhase;
			buildActionMask = 2147483647;
			files = (
				63EC640C193D8B0300EBEBD6 /* Spaceship.png in Resources */,
				63EC640E193D8B0300EBEBD6 /* Images.xcassets in Resources */,
				63EC63FC193D8B0300EBEBD6 /* InfoPlist.strings in Resources */,
				63EC6402193D8B0300EBEBD6 /* Credits.rtf in Resources */,
				63EC6404193D8B0300EBEBD6 /* MainMenu.xib in Resources */,
			);
			runOnlyForDeploymentPostprocessing = 0;
		};
		63EC6411193D8B0300EBEBD6 /* Resources */ = {
			isa = PBXResourcesBuildPhase;
			buildActionMask = 2147483647;
			files = (
				63EC641E193D8B0300EBEBD6 /* InfoPlist.strings in Resources */,
			);
			runOnlyForDeploymentPostprocessing = 0;
		};
/* End PBXResourcesBuildPhase section */

/* Begin PBXSourcesBuildPhase section */
		63EC63E8193D8B0300EBEBD6 /* Sources */ = {
			isa = PBXSourcesBuildPhase;
			buildActionMask = 2147483647;
			files = (
				63EC6406193D8B0300EBEBD6 /* MyScene.m in Sources */,
				63EC642B193D8B9E00EBEBD6 /* BuildScene.m in Sources */,
				63EC63FE193D8B0300EBEBD6 /* main.m in Sources */,
				63EC642E193D8BAF00EBEBD6 /* PuzzleModel.m in Sources */,
				63EC6431193D8BBD00EBEBD6 /* PlayScene.m in Sources */,
				63EC6409193D8B0300EBEBD6 /* AppDelegate.m in Sources */,
			);
			runOnlyForDeploymentPostprocessing = 0;
		};
		63EC640F193D8B0300EBEBD6 /* Sources */ = {
			isa = PBXSourcesBuildPhase;
			buildActionMask = 2147483647;
			files = (
				63EC6434193D9AA800EBEBD6 /* PuzzleModel.m in Sources */,
				63EC6433193D9A9100EBEBD6 /* PuzzleModelTests.m in Sources */,
			);
			runOnlyForDeploymentPostprocessing = 0;
		};
/* End PBXSourcesBuildPhase section */

/* Begin PBXTargetDependency section */
		63EC6418193D8B0300EBEBD6 /* PBXTargetDependency */ = {
			isa = PBXTargetDependency;
			target = 63EC63EB193D8B0300EBEBD6 /* Sliders */;
			targetProxy = 63EC6417193D8B0300EBEBD6 /* PBXContainerItemProxy */;
		};
/* End PBXTargetDependency section */

/* Begin PBXVariantGroup section */
		63EC63FA193D8B0300EBEBD6 /* InfoPlist.strings */ = {
			isa = PBXVariantGroup;
			children = (
				63EC63FB193D8B0300EBEBD6 /* en */,
			);
			name = InfoPlist.strings;
			sourceTree = "<group>";
		};
		63EC6400193D8B0300EBEBD6 /* Credits.rtf */ = {
			isa = PBXVariantGroup;
			children = (
				63EC6401193D8B0300EBEBD6 /* en */,
			);
			name = Credits.rtf;
			sourceTree = "<group>";
		};
		63EC641C193D8B0300EBEBD6 /* InfoPlist.strings */ = {
			isa = PBXVariantGroup;
			children = (
				63EC641D193D8B0300EBEBD6 /* en */,
			);
			name = InfoPlist.strings;
			sourceTree = "<group>";
		};
/* End PBXVariantGroup section */

/* Begin XCBuildConfiguration section */
		63EC6421193D8B0300EBEBD6 /* Debug */ = {
			isa = XCBuildConfiguration;
			buildSettings = {
				ALWAYS_SEARCH_USER_PATHS = NO;
				CLANG_CXX_LANGUAGE_STANDARD = "gnu++0x";
				CLANG_CXX_LIBRARY = "libc++";
				CLANG_ENABLE_MODULES = YES;
				CLANG_ENABLE_OBJC_ARC = YES;
				CLANG_WARN_BOOL_CONVERSION = YES;
				CLANG_WARN_CONSTANT_CONVERSION = YES;
				CLANG_WARN_DIRECT_OBJC_ISA_USAGE = YES_ERROR;
				CLANG_WARN_EMPTY_BODY = YES;
				CLANG_WARN_ENUM_CONVERSION = YES;
				CLANG_WARN_INT_CONVERSION = YES;
				CLANG_WARN_OBJC_ROOT_CLASS = YES_ERROR;
				CLANG_WARN__DUPLICATE_METHOD_MATCH = YES;
				COPY_PHASE_STRIP = NO;
				GCC_C_LANGUAGE_STANDARD = gnu99;
				GCC_DYNAMIC_NO_PIC = NO;
				GCC_ENABLE_OBJC_EXCEPTIONS = YES;
				GCC_OPTIMIZATION_LEVEL = 0;
				GCC_PREPROCESSOR_DEFINITIONS = (
					"DEBUG=1",
					"$(inherited)",
				);
				GCC_SYMBOLS_PRIVATE_EXTERN = NO;
				GCC_WARN_64_TO_32_BIT_CONVERSION = YES;
				GCC_WARN_ABOUT_RETURN_TYPE = YES_ERROR;
				GCC_WARN_UNDECLARED_SELECTOR = YES;
				GCC_WARN_UNINITIALIZED_AUTOS = YES_AGGRESSIVE;
				GCC_WARN_UNUSED_FUNCTION = YES;
				GCC_WARN_UNUSED_VARIABLE = YES;
				MACOSX_DEPLOYMENT_TARGET = 10.9;
				ONLY_ACTIVE_ARCH = YES;
				SDKROOT = macosx;
			};
			name = Debug;
		};
		63EC6422193D8B0300EBEBD6 /* Release */ = {
			isa = XCBuildConfiguration;
			buildSettings = {
				ALWAYS_SEARCH_USER_PATHS = NO;
				CLANG_CXX_LANGUAGE_STANDARD = "gnu++0x";
				CLANG_CXX_LIBRARY = "libc++";
				CLANG_ENABLE_MODULES = YES;
				CLANG_ENABLE_OBJC_ARC = YES;
				CLANG_WARN_BOOL_CONVERSION = YES;
				CLANG_WARN_CONSTANT_CONVERSION = YES;
				CLANG_WARN_DIRECT_OBJC_ISA_USAGE = YES_ERROR;
				CLANG_WARN_EMPTY_BODY = YES;
				CLANG_WARN_ENUM_CONVERSION = YES;
				CLANG_WARN_INT_CONVERSION = YES;
				CLANG_WARN_OBJC_ROOT_CLASS = YES_ERROR;
				CLANG_WARN__DUPLICATE_METHOD_MATCH = YES;
				COPY_PHASE_STRIP = YES;
				DEBUG_INFORMATION_FORMAT = "dwarf-with-dsym";
				ENABLE_NS_ASSERTIONS = NO;
				GCC_C_LANGUAGE_STANDARD = gnu99;
				GCC_ENABLE_OBJC_EXCEPTIONS = YES;
				GCC_WARN_64_TO_32_BIT_CONVERSION = YES;
				GCC_WARN_ABOUT_RETURN_TYPE = YES_ERROR;
				GCC_WARN_UNDECLARED_SELECTOR = YES;
				GCC_WARN_UNINITIALIZED_AUTOS = YES_AGGRESSIVE;
				GCC_WARN_UNUSED_FUNCTION = YES;
				GCC_WARN_UNUSED_VARIABLE = YES;
				MACOSX_DEPLOYMENT_TARGET = 10.9;
				SDKROOT = macosx;
			};
			name = Release;
		};
		63EC6424193D8B0300EBEBD6 /* Debug */ = {
			isa = XCBuildConfiguration;
			buildSettings = {
				ASSETCATALOG_COMPILER_APPICON_NAME = AppIcon;
				COMBINE_HIDPI_IMAGES = YES;
				GCC_PRECOMPILE_PREFIX_HEADER = YES;
				GCC_PREFIX_HEADER = "Sliders/Sliders-Prefix.pch";
				INFOPLIST_FILE = "Sliders/Sliders-Info.plist";
				PRODUCT_NAME = "$(TARGET_NAME)";
				SPRITEKIT_TEXTURE_ATLAS_OUTPUT = YES;
				WRAPPER_EXTENSION = app;
			};
			name = Debug;
		};
		63EC6425193D8B0300EBEBD6 /* Release */ = {
			isa = XCBuildConfiguration;
			buildSettings = {
				ASSETCATALOG_COMPILER_APPICON_NAME = AppIcon;
				COMBINE_HIDPI_IMAGES = YES;
				GCC_PRECOMPILE_PREFIX_HEADER = YES;
				GCC_PREFIX_HEADER = "Sliders/Sliders-Prefix.pch";
				INFOPLIST_FILE = "Sliders/Sliders-Info.plist";
				PRODUCT_NAME = "$(TARGET_NAME)";
				SPRITEKIT_TEXTURE_ATLAS_OUTPUT = YES;
				WRAPPER_EXTENSION = app;
			};
			name = Release;
		};
		63EC6427193D8B0300EBEBD6 /* Debug */ = {
			isa = XCBuildConfiguration;
			buildSettings = {
				BUNDLE_LOADER = "$(BUILT_PRODUCTS_DIR)/Sliders.app/Contents/MacOS/Sliders";
				COMBINE_HIDPI_IMAGES = YES;
				FRAMEWORK_SEARCH_PATHS = (
					"$(DEVELOPER_FRAMEWORKS_DIR)",
					"$(inherited)",
				);
				GCC_PRECOMPILE_PREFIX_HEADER = YES;
				GCC_PREFIX_HEADER = "Sliders/Sliders-Prefix.pch";
				GCC_PREPROCESSOR_DEFINITIONS = (
					"DEBUG=1",
					"$(inherited)",
				);
				INFOPLIST_FILE = "SlidersTests/SlidersTests-Info.plist";
				PRODUCT_NAME = "$(TARGET_NAME)";
				TEST_HOST = "$(BUNDLE_LOADER)";
				WRAPPER_EXTENSION = xctest;
			};
			name = Debug;
		};
		63EC6428193D8B0300EBEBD6 /* Release */ = {
			isa = XCBuildConfiguration;
			buildSettings = {
				BUNDLE_LOADER = "$(BUILT_PRODUCTS_DIR)/Sliders.app/Contents/MacOS/Sliders";
				COMBINE_HIDPI_IMAGES = YES;
				FRAMEWORK_SEARCH_PATHS = (
					"$(DEVELOPER_FRAMEWORKS_DIR)",
					"$(inherited)",
				);
				GCC_PRECOMPILE_PREFIX_HEADER = YES;
				GCC_PREFIX_HEADER = "Sliders/Sliders-Prefix.pch";
				INFOPLIST_FILE = "SlidersTests/SlidersTests-Info.plist";
				PRODUCT_NAME = "$(TARGET_NAME)";
				TEST_HOST = "$(BUNDLE_LOADER)";
				WRAPPER_EXTENSION = xctest;
			};
			name = Release;
		};
/* End XCBuildConfiguration section */

/* Begin XCConfigurationList section */
		63EC63E7193D8B0300EBEBD6 /* Build configuration list for PBXProject "Sliders" */ = {
			isa = XCConfigurationList;
			buildConfigurations = (
				63EC6421193D8B0300EBEBD6 /* Debug */,
				63EC6422193D8B0300EBEBD6 /* Release */,
			);
			defaultConfigurationIsVisible = 0;
			defaultConfigurationName = Release;
		};
		63EC6423193D8B0300EBEBD6 /* Build configuration list for PBXNativeTarget "Sliders" */ = {
			isa = XCConfigurationList;
			buildConfigurations = (
				63EC6424193D8B0300EBEBD6 /* Debug */,
				63EC6425193D8B0300EBEBD6 /* Release */,
			);
			defaultConfigurationIsVisible = 0;
		};
		63EC6426193D8B0300EBEBD6 /* Build configuration list for PBXNativeTarget "SlidersTests" */ = {
			isa = XCConfigurationList;
			buildConfigurations = (
				63EC6427193D8B0300EBEBD6 /* Debug */,
				63EC6428193D8B0300EBEBD6 /* Release */,
			);
			defaultConfigurationIsVisible = 0;
		};
/* End XCConfigurationList section */
	};
	rootObject = 63EC63E4193D8B0300EBEBD6 /* Project object */;
}
